
Microsoft Visual Studio Solution File, Format Version 12.00
# Visual Studio Version 17
VisualStudioVersion = 17.9.34622.214
MinimumVisualStudioVersion = 10.0.40219.1
Project("{FAE04EC0-301F-11D3-BF4B-00C04F79EFBC}") = "DES Practice work", "DES Practice work\DES Practice work.csproj", "{6DB43306-C29E-4729-BB09-458C4854DED0}"
EndProject
Global
	GlobalSection(SolutionConfigurationPlatforms) = preSolution
		Debug|Any CPU = Debug|Any CPU
		Release|Any CPU = Release|Any CPU
	EndGlobalSection
	GlobalSection(ProjectConfigurationPlatforms) = postSolution
		{6DB43306-C29E-4729-BB09-458C4854DED0}.Debug|Any CPU.ActiveCfg = Debug|Any CPU
		{6DB43306-C29E-4729-BB09-458C4854DED0}.Debug|Any CPU.Build.0 = Debug|Any CPU
		{6DB43306-C29E-4729-BB09-458C4854DED0}.Release|Any CPU.ActiveCfg = Release|Any CPU
		{6DB43306-C29E-4729-BB09-458C4854DED0}.Release|Any CPU.Build.0 = Release|Any CPU
	EndGlobalSection
	GlobalSection(SolutionProperties) = preSolution
		HideSolutionNode = FALSE
	EndGlobalSection
	GlobalSection(ExtensibilityGlobals) = postSolution
		SolutionGuid = {A3D53AEB-1654-4C68-8CA1-22471A41259B}
	EndGlobalSection
EndGlobal
